{
  "requires": true,
  "lockfileVersion": 1,
  "dependencies": {
    "pipeline-cli": {
      "version": "file:../../../pipeline-cli",
      "requires": {
        "debug": "^4.1.0",
        "lodash.isfunction": "^3.0.9",
        "lodash.isplainobject": "^4.0.6",
        "lodash.isstring": "^4.0.1"
      }
    }
  }
}
